
Microsoft Visual Studio Solution File, Format Version 12.00
# Visual Studio Version 17
VisualStudioVersion = 17.14.36811.4 d17.14
MinimumVisualStudioVersion = 10.0.40219.1
Project("{FAE04EC0-301F-11D3-BF4B-00C04F79EFBC}") = "Alshakova", "Alshakova\Alshakova.csproj", "{713D7E4C-B070-4D3B-A5AF-5CA477ADED24}"
EndProject
Global
	GlobalSection(SolutionConfigurationPlatforms) = preSolution
		Debug|Any CPU = Debug|Any CPU
		Release|Any CPU = Release|Any CPU
	EndGlobalSection
	GlobalSection(ProjectConfigurationPlatforms) = postSolution
		{713D7E4C-B070-4D3B-A5AF-5CA477ADED24}.Debug|Any CPU.ActiveCfg = Debug|Any CPU
		{713D7E4C-B070-4D3B-A5AF-5CA477ADED24}.Debug|Any CPU.Build.0 = Debug|Any CPU
		{713D7E4C-B070-4D3B-A5AF-5CA477ADED24}.Release|Any CPU.ActiveCfg = Release|Any CPU
		{713D7E4C-B070-4D3B-A5AF-5CA477ADED24}.Release|Any CPU.Build.0 = Release|Any CPU
	EndGlobalSection
	GlobalSection(SolutionProperties) = preSolution
		HideSolutionNode = FALSE
	EndGlobalSection
	GlobalSection(ExtensibilityGlobals) = postSolution
		SolutionGuid = {51A3E945-AA81-4C16-A0A6-051313E9A8E0}
	EndGlobalSection
EndGlobal
